// !$*UTF8*$!
{
	archiveVersion = 1;
	classes = {
	};
	objectVersion = 50;
	objects = {

/* Begin PBXBuildFile section */
		AF8F98032359FC3500B1E54B /* AppDelegate.swift in Sources */ = {isa = PBXBuildFile; fileRef = AF8F98022359FC3500B1E54B /* AppDelegate.swift */; };
		AF8F98052359FC3500B1E54B /* SceneDelegate.swift in Sources */ = {isa = PBXBuildFile; fileRef = AF8F98042359FC3500B1E54B /* SceneDelegate.swift */; };
		AF8F98072359FC3500B1E54B /* ViewController.swift in Sources */ = {isa = PBXBuildFile; fileRef = AF8F98062359FC3500B1E54B /* ViewController.swift */; };
		AF8F980A2359FC3500B1E54B /* Main.storyboard in Resources */ = {isa = PBXBuildFile; fileRef = AF8F98082359FC3500B1E54B /* Main.storyboard */; };
		AF8F980C2359FC3600B1E54B /* Assets.xcassets in Resources */ = {isa = PBXBuildFile; fileRef = AF8F980B2359FC3600B1E54B /* Assets.xcassets */; };
		AF8F980F2359FC3600B1E54B /* LaunchScreen.storyboard in Resources */ = {isa = PBXBuildFile; fileRef = AF8F980D2359FC3600B1E54B /* LaunchScreen.storyboard */; };
		AF8F981B2359FF8300B1E54B /* PopoverViewController.swift in Sources */ = {isa = PBXBuildFile; fileRef = AF8F98192359FF8300B1E54B /* PopoverViewController.swift */; };
		AF8F981C2359FF8300B1E54B /* PopoverViewController.xib in Resources */ = {isa = PBXBuildFile; fileRef = AF8F981A2359FF8300B1E54B /* PopoverViewController.xib */; };
/* End PBXBuildFile section */

/* Begin PBXFileReference section */
		AF8F97FF2359FC3500B1E54B /* CollectionViewPopoverTest.app */ = {isa = PBXFileReference; explicitFileType = wrapper.application; includeInIndex = 0; path = CollectionViewPopoverTest.app; sourceTree = BUILT_PRODUCTS_DIR; };
		AF8F98022359FC3500B1E54B /* AppDelegate.swift */ = {isa = PBXFileReference; lastKnownFileType = sourcecode.swift; path = AppDelegate.swift; sourceTree = "<group>"; };
		AF8F98042359FC3500B1E54B /* SceneDelegate.swift */ = {isa = PBXFileReference; lastKnownFileType = sourcecode.swift; path = SceneDelegate.swift; sourceTree = "<group>"; };
		AF8F98062359FC3500B1E54B /* ViewController.swift */ = {isa = PBXFileReference; lastKnownFileType = sourcecode.swift; path = ViewController.swift; sourceTree = "<group>"; };
		AF8F98092359FC3500B1E54B /* Base */ = {isa = PBXFileReference; lastKnownFileType = file.storyboard; name = Base; path = Base.lproj/Main.storyboard; sourceTree = "<group>"; };
		AF8F980B2359FC3600B1E54B /* Assets.xcassets */ = {isa = PBXFileReference; lastKnownFileType = folder.assetcatalog; path = Assets.xcassets; sourceTree = "<group>"; };
		AF8F980E2359FC3600B1E54B /* Base */ = {isa = PBXFileReference; lastKnownFileType = file.storyboard; name = Base; path = Base.lproj/LaunchScreen.storyboard; sourceTree = "<group>"; };
		AF8F98102359FC3600B1E54B /* Info.plist */ = {isa = PBXFileReference; lastKnownFileType = text.plist.xml; path = Info.plist; sourceTree = "<group>"; };
		AF8F98192359FF8300B1E54B /* PopoverViewController.swift */ = {isa = PBXFileReference; lastKnownFileType = sourcecode.swift; path = PopoverViewController.swift; sourceTree = "<group>"; };
		AF8F981A2359FF8300B1E54B /* PopoverViewController.xib */ = {isa = PBXFileReference; lastKnownFileType = file.xib; path = PopoverViewController.xib; sourceTree = "<group>"; };
/* End PBXFileReference section */

/* Begin PBXFrameworksBuildPhase section */
		AF8F97FC2359FC3500B1E54B /* Frameworks */ = {
			isa = PBXFrameworksBuildPhase;
			buildActionMask = 2147483647;
			files = (
			);
			runOnlyForDeploymentPostprocessing = 0;
		};
/* End PBXFrameworksBuildPhase section */

/* Begin PBXGroup section */
		AF8F97F62359FC3400B1E54B = {
			isa = PBXGroup;
			children = (
				AF8F98012359FC3500B1E54B /* CollectionViewPopoverTest */,
				AF8F98002359FC3500B1E54B /* Products */,
			);
			sourceTree = "<group>";
		};
		AF8F98002359FC3500B1E54B /* Products */ = {
			isa = PBXGroup;
			children = (
				AF8F97FF2359FC3500B1E54B /* CollectionViewPopoverTest.app */,
			);
			name = Products;
			sourceTree = "<group>";
		};
		AF8F98012359FC3500B1E54B /* CollectionViewPopoverTest */ = {
			isa = PBXGroup;
			children = (
				AF8F98162359FF3E00B1E54B /* Popover */,
				AF8F98022359FC3500B1E54B /* AppDelegate.swift */,
				AF8F98042359FC3500B1E54B /* SceneDelegate.swift */,
				AF8F98062359FC3500B1E54B /* ViewController.swift */,
				AF8F98082359FC3500B1E54B /* Main.storyboard */,
				AF8F980B2359FC3600B1E54B /* Assets.xcassets */,
				AF8F980D2359FC3600B1E54B /* LaunchScreen.storyboard */,
				AF8F98102359FC3600B1E54B /* Info.plist */,
			);
			path = CollectionViewPopoverTest;
			sourceTree = "<group>";
		};
		AF8F98162359FF3E00B1E54B /* Popover */ = {
			isa = PBXGroup;
			children = (
				AF8F98192359FF8300B1E54B /* PopoverViewController.swift */,
				AF8F981A2359FF8300B1E54B /* PopoverViewController.xib */,
			);
			path = Popover;
			sourceTree = "<group>";
		};
/* End PBXGroup section */

/* Begin PBXNativeTarget section */
		AF8F97FE2359FC3500B1E54B /* CollectionViewPopoverTest */ = {
			isa = PBXNativeTarget;
			buildConfigurationList = AF8F98132359FC3600B1E54B /* Build configuration list for PBXNativeTarget "CollectionViewPopoverTest" */;
			buildPhases = (
				AF8F97FB2359FC3500B1E54B /* Sources */,
				AF8F97FC2359FC3500B1E54B /* Frameworks */,
				AF8F97FD2359FC3500B1E54B /* Resources */,
			);
			buildRules = (
			);
			dependencies = (
			);
			name = CollectionViewPopoverTest;
			productName = CollectionViewPopoverTest;
			productReference = AF8F97FF2359FC3500B1E54B /* CollectionViewPopoverTest.app */;
			productType = "com.apple.product-type.application";
		};
/* End PBXNativeTarget section */

/* Begin PBXProject section */
		AF8F97F72359FC3400B1E54B /* Project object */ = {
			isa = PBXProject;
			attributes = {
				LastSwiftUpdateCheck = 1100;
				LastUpgradeCheck = 1100;
				ORGANIZATIONNAME = Diego;
				TargetAttributes = {
					AF8F97FE2359FC3500B1E54B = {
						CreatedOnToolsVersion = 11.0;
					};
				};
			};
			buildConfigurationList = AF8F97FA2359FC3500B1E54B /* Build configuration list for PBXProject "CollectionViewPopoverTest" */;
			compatibilityVersion = "Xcode 9.3";
			developmentRegion = en;
			hasScannedForEncodings = 0;
			knownRegions = (
				en,
				Base,
			);
			mainGroup = AF8F97F62359FC3400B1E54B;
			productRefGroup = AF8F98002359FC3500B1E54B /* Products */;
			projectDirPath = "";
			projectRoot = "";
			targets = (
				AF8F97FE2359FC3500B1E54B /* CollectionViewPopoverTest */,
			);
		};
/* End PBXProject section */

/* Begin PBXResourcesBuildPhase section */
		AF8F97FD2359FC3500B1E54B /* Resources */ = {
			isa = PBXResourcesBuildPhase;
			buildActionMask = 2147483647;
			files = (
				AF8F981C2359FF8300B1E54B /* PopoverViewController.xib in Resources */,
				AF8F980F2359FC3600B1E54B /* LaunchScreen.storyboard in Resources */,
				AF8F980C2359FC3600B1E54B /* Assets.xcassets in Resources */,
				AF8F980A2359FC3500B1E54B /* Main.storyboard in Resources */,
			);
			runOnlyForDeploymentPostprocessing = 0;
		};
/* End PBXResourcesBuildPhase section */

/* Begin PBXSourcesBuildPhase section */
		AF8F97FB2359FC3500B1E54B /* Sources */ = {
			isa = PBXSourcesBuildPhase;
			buildActionMask = 2147483647;
			files = (
				AF8F981B2359FF8300B1E54B /* PopoverViewController.swift in Sources */,
				AF8F98072359FC3500B1E54B /* ViewController.swift in Sources */,
				AF8F98032359FC3500B1E54B /* AppDelegate.swift in Sources */,
				AF8F98052359FC3500B1E54B /* SceneDelegate.swift in Sources */,
			);
			runOnlyForDeploymentPostprocessing = 0;
		};
/* End PBXSourcesBuildPhase section */

/* Begin PBXVariantGroup section */
		AF8F98082359FC3500B1E54B /* Main.storyboard */ = {
			isa = PBXVariantGroup;
			children = (
				AF8F98092359FC3500B1E54B /* Base */,
			);
			name = Main.storyboard;
			sourceTree = "<group>";
		};
		AF8F980D2359FC3600B1E54B /* LaunchScreen.storyboard */ = {
			isa = PBXVariantGroup;
			children = (
				AF8F980E2359FC3600B1E54B /* Base */,
			);
			name = LaunchScreen.storyboard;
			sourceTree = "<group>";
		};
/* End PBXVariantGroup section */

/* Begin XCBuildConfiguration section */
		AF8F98112359FC3600B1E54B /* Debug */ = {
			isa = XCBuildConfiguration;
			buildSettings = {
				ALWAYS_SEARCH_USER_PATHS = NO;
				CLANG_ANALYZER_NONNULL = YES;
				CLANG_ANALYZER_NUMBER_OBJECT_CONVERSION = YES_AGGRESSIVE;
				CLANG_CXX_LANGUAGE_STANDARD = "gnu++14";
				CLANG_CXX_LIBRARY = "libc++";
				CLANG_ENABLE_MODULES = YES;
				CLANG_ENABLE_OBJC_ARC = YES;
				CLANG_ENABLE_OBJC_WEAK = YES;
				CLANG_WARN_BLOCK_CAPTURE_AUTORELEASING = YES;
				CLANG_WARN_BOOL_CONVERSION = YES;
				CLANG_WARN_COMMA = YES;
				CLANG_WARN_CONSTANT_CONVERSION = YES;
				CLANG_WARN_DEPRECATED_OBJC_IMPLEMENTATIONS = YES;
				CLANG_WARN_DIRECT_OBJC_ISA_USAGE = YES_ERROR;
				CLANG_WARN_DOCUMENTATION_COMMENTS = YES;
				CLANG_WARN_EMPTY_BODY = YES;
				CLANG_WARN_ENUM_CONVERSION = YES;
				CLANG_WARN_INFINITE_RECURSION = YES;
				CLANG_WARN_INT_CONVERSION = YES;
				CLANG_WARN_NON_LITERAL_NULL_CONVERSION = YES;
				CLANG_WARN_OBJC_IMPLICIT_RETAIN_SELF = YES;
				CLANG_WARN_OBJC_LITERAL_CONVERSION = YES;
				CLANG_WARN_OBJC_ROOT_CLASS = YES_ERROR;
				CLANG_WARN_RANGE_LOOP_ANALYSIS = YES;
				CLANG_WARN_STRICT_PROTOTYPES = YES;
				CLANG_WARN_SUSPICIOUS_MOVE = YES;
				CLANG_WARN_UNGUARDED_AVAILABILITY = YES_AGGRESSIVE;
				CLANG_WARN_UNREACHABLE_CODE = YES;
				CLANG_WARN__DUPLICATE_METHOD_MATCH = YES;
				COPY_PHASE_STRIP = NO;
				DEBUG_INFORMATION_FORMAT = dwarf;
				ENABLE_STRICT_OBJC_MSGSEND = YES;
				ENABLE_TESTABILITY = YES;
				GCC_C_LANGUAGE_STANDARD = gnu11;
				GCC_DYNAMIC_NO_PIC = NO;
				GCC_NO_COMMON_BLOCKS = YES;
				GCC_OPTIMIZATION_LEVEL = 0;
				GCC_PREPROCESSOR_DEFINITIONS = (
					"DEBUG=1",
					"$(inherited)",
				);
				GCC_WARN_64_TO_32_BIT_CONVERSION = YES;
				GCC_WARN_ABOUT_RETURN_TYPE = YES_ERROR;
				GCC_WARN_UNDECLARED_SELECTOR = YES;
				GCC_WARN_UNINITIALIZED_AUTOS = YES_AGGRESSIVE;
				GCC_WARN_UNUSED_FUNCTION = YES;
				GCC_WARN_UNUSED_VARIABLE = YES;
				IPHONEOS_DEPLOYMENT_TARGET = 13.0;
				MTL_ENABLE_DEBUG_INFO = INCLUDE_SOURCE;
				MTL_FAST_MATH = YES;
				ONLY_ACTIVE_ARCH = YES;
				SDKROOT = iphoneos;
				SWIFT_ACTIVE_COMPILATION_CONDITIONS = DEBUG;
				SWIFT_OPTIMIZATION_LEVEL = "-Onone";
			};
			name = Debug;
		};
		AF8F98122359FC3600B1E54B /* Release */ = {
			isa = XCBuildConfiguration;
			buildSettings = {
				ALWAYS_SEARCH_USER_PATHS = NO;
				CLANG_ANALYZER_NONNULL = YES;
				CLANG_ANALYZER_NUMBER_OBJECT_CONVERSION = YES_AGGRESSIVE;
				CLANG_CXX_LANGUAGE_STANDARD = "gnu++14";
				CLANG_CXX_LIBRARY = "libc++";
				CLANG_ENABLE_MODULES = YES;
				CLANG_ENABLE_OBJC_ARC = YES;
				CLANG_ENABLE_OBJC_WEAK = YES;
				CLANG_WARN_BLOCK_CAPTURE_AUTORELEASING = YES;
				CLANG_WARN_BOOL_CONVERSION = YES;
				CLANG_WARN_COMMA = YES;
				CLANG_WARN_CONSTANT_CONVERSION = YES;
				CLANG_WARN_DEPRECATED_OBJC_IMPLEMENTATIONS = YES;
				CLANG_WARN_DIRECT_OBJC_ISA_USAGE = YES_ERROR;
				CLANG_WARN_DOCUMENTATION_COMMENTS = YES;
				CLANG_WARN_EMPTY_BODY = YES;
				CLANG_WARN_ENUM_CONVERSION = YES;
				CLANG_WARN_INFINITE_RECURSION = YES;
				CLANG_WARN_INT_CONVERSION = YES;
				CLANG_WARN_NON_LITERAL_NULL_CONVERSION = YES;
				CLANG_WARN_OBJC_IMPLICIT_RETAIN_SELF = YES;
				CLANG_WARN_OBJC_LITERAL_CONVERSION = YES;
				CLANG_WARN_OBJC_ROOT_CLASS = YES_ERROR;
				CLANG_WARN_RANGE_LOOP_ANALYSIS = YES;
				CLANG_WARN_STRICT_PROTOTYPES = YES;
				CLANG_WARN_SUSPICIOUS_MOVE = YES;
				CLANG_WARN_UNGUARDED_AVAILABILITY = YES_AGGRESSIVE;
				CLANG_WARN_UNREACHABLE_CODE = YES;
				CLANG_WARN__DUPLICATE_METHOD_MATCH = YES;
				COPY_PHASE_STRIP = NO;
				DEBUG_INFORMATION_FORMAT = "dwarf-with-dsym";
				ENABLE_NS_ASSERTIONS = NO;
				ENABLE_STRICT_OBJC_MSGSEND = YES;
				GCC_C_LANGUAGE_STANDARD = gnu11;
				GCC_NO_COMMON_BLOCKS = YES;
				GCC_WARN_64_TO_32_BIT_CONVERSION = YES;
				GCC_WARN_ABOUT_RETURN_TYPE = YES_ERROR;
				GCC_WARN_UNDECLARED_SELECTOR = YES;
				GCC_WARN_UNINITIALIZED_AUTOS = YES_AGGRESSIVE;
				GCC_WARN_UNUSED_FUNCTION = YES;
				GCC_WARN_UNUSED_VARIABLE = YES;
				IPHONEOS_DEPLOYMENT_TARGET = 13.0;
				MTL_ENABLE_DEBUG_INFO = NO;
				MTL_FAST_MATH = YES;
				SDKROOT = iphoneos;
				SWIFT_COMPILATION_MODE = wholemodule;
				SWIFT_OPTIMIZATION_LEVEL = "-O";
				VALIDATE_PRODUCT = YES;
			};
			name = Release;
		};
		AF8F98142359FC3600B1E54B /* Debug */ = {
			isa = XCBuildConfiguration;
			buildSettings = {
				ASSETCATALOG_COMPILER_APPICON_NAME = AppIcon;
				CODE_SIGN_STYLE = Automatic;
				DEVELOPMENT_TEAM = HBGDXL9LHD;
				INFOPLIST_FILE = CollectionViewPopoverTest/Info.plist;
				LD_RUNPATH_SEARCH_PATHS = (
					"$(inherited)",
					"@executable_path/Frameworks",
				);
				PRODUCT_BUNDLE_IDENTIFIER = com.diegodossantos.CollectionViewPopoverTest;
				PRODUCT_NAME = "$(TARGET_NAME)";
				SWIFT_VERSION = 5.0;
				TARGETED_DEVICE_FAMILY = "1,2";
			};
			name = Debug;
		};
		AF8F98152359FC3600B1E54B /* Release */ = {
			isa = XCBuildConfiguration;
			buildSettings = {
				ASSETCATALOG_COMPILER_APPICON_NAME = AppIcon;
				CODE_SIGN_STYLE = Automatic;
				DEVELOPMENT_TEAM = HBGDXL9LHD;
				INFOPLIST_FILE = CollectionViewPopoverTest/Info.plist;
				LD_RUNPATH_SEARCH_PATHS = (
					"$(inherited)",
					"@executable_path/Frameworks",
				);
				PRODUCT_BUNDLE_IDENTIFIER = com.diegodossantos.CollectionViewPopoverTest;
				PRODUCT_NAME = "$(TARGET_NAME)";
				SWIFT_VERSION = 5.0;
				TARGETED_DEVICE_FAMILY = "1,2";
			};
			name = Release;
		};
/* End XCBuildConfiguration section */

/* Begin XCConfigurationList section */
		AF8F97FA2359FC3500B1E54B /* Build configuration list for PBXProject "CollectionViewPopoverTest" */ = {
			isa = XCConfigurationList;
			buildConfigurations = (
				AF8F98112359FC3600B1E54B /* Debug */,
				AF8F98122359FC3600B1E54B /* Release */,
			);
			defaultConfigurationIsVisible = 0;
			defaultConfigurationName = Release;
		};
		AF8F98132359FC3600B1E54B /* Build configuration list for PBXNativeTarget "CollectionViewPopoverTest" */ = {
			isa = XCConfigurationList;
			buildConfigurations = (
				AF8F98142359FC3600B1E54B /* Debug */,
				AF8F98152359FC3600B1E54B /* Release */,
			);
			defaultConfigurationIsVisible = 0;
			defaultConfigurationName = Release;
		};
/* End XCConfigurationList section */
	};
	rootObject = AF8F97F72359FC3400B1E54B /* Project object */;
}
